
Microsoft Visual Studio Solution File, Format Version 12.00
Project("{FAE04EC0-301F-11D3-BF4B-00C04F79EFBC}") = "Vortex.Net", "Vortex.Net\Vortex.Net.csproj", "{672F8D88-426F-4E90-BA33-181A4D8F7607}"
EndProject
Project("{FAE04EC0-301F-11D3-BF4B-00C04F79EFBC}") = "Vortex.Tests", "Vortex.Tests\Vortex.Tests.csproj", "{4932C8F9-4B50-44F0-95A7-D1369BDC130B}"
EndProject
Global
	GlobalSection(SolutionConfigurationPlatforms) = preSolution
		Debug|Any CPU = Debug|Any CPU
		Release|Any CPU = Release|Any CPU
	EndGlobalSection
	GlobalSection(ProjectConfigurationPlatforms) = postSolution
		{672F8D88-426F-4E90-BA33-181A4D8F7607}.Debug|Any CPU.ActiveCfg = Debug|Any CPU
		{672F8D88-426F-4E90-BA33-181A4D8F7607}.Debug|Any CPU.Build.0 = Debug|Any CPU
		{672F8D88-426F-4E90-BA33-181A4D8F7607}.Release|Any CPU.ActiveCfg = Release|Any CPU
		{672F8D88-426F-4E90-BA33-181A4D8F7607}.Release|Any CPU.Build.0 = Release|Any CPU
		{4932C8F9-4B50-44F0-95A7-D1369BDC130B}.Debug|Any CPU.ActiveCfg = Debug|Any CPU
		{4932C8F9-4B50-44F0-95A7-D1369BDC130B}.Debug|Any CPU.Build.0 = Debug|Any CPU
		{4932C8F9-4B50-44F0-95A7-D1369BDC130B}.Release|Any CPU.ActiveCfg = Release|Any CPU
		{4932C8F9-4B50-44F0-95A7-D1369BDC130B}.Release|Any CPU.Build.0 = Release|Any CPU
	EndGlobalSection
EndGlobal
